
Microsoft Visual Studio Solution File, Format Version 12.00
# Visual Studio Version 16
VisualStudioVersion = 16.0.30907.101
MinimumVisualStudioVersion = 10.0.40219.1
Project("{FAE04EC0-301F-11D3-BF4B-00C04F79EFBC}") = "pruebaMvc", "pruebaMvc\pruebaMvc.csproj", "{6F75A93B-67C3-49A7-8984-3247CDF48CA8}"
EndProject
Project("{2150E333-8FDC-42A3-9474-1A3956D46DE8}") = "Solution Items", "Solution Items", "{2C25841D-12DD-423C-B134-BFD08E4158C2}"
	ProjectSection(SolutionItems) = preProject
		.editorconfig = .editorconfig
	EndProjectSection
EndProject
Global
	GlobalSection(SolutionConfigurationPlatforms) = preSolution
		Debug|Any CPU = Debug|Any CPU
		Release|Any CPU = Release|Any CPU
	EndGlobalSection
	GlobalSection(ProjectConfigurationPlatforms) = postSolution
		{6F75A93B-67C3-49A7-8984-3247CDF48CA8}.Debug|Any CPU.ActiveCfg = Debug|Any CPU
		{6F75A93B-67C3-49A7-8984-3247CDF48CA8}.Debug|Any CPU.Build.0 = Debug|Any CPU
		{6F75A93B-67C3-49A7-8984-3247CDF48CA8}.Release|Any CPU.ActiveCfg = Release|Any CPU
		{6F75A93B-67C3-49A7-8984-3247CDF48CA8}.Release|Any CPU.Build.0 = Release|Any CPU
	EndGlobalSection
	GlobalSection(SolutionProperties) = preSolution
		HideSolutionNode = FALSE
	EndGlobalSection
	GlobalSection(ExtensibilityGlobals) = postSolution
		SolutionGuid = {F5DB08D7-CF1A-48A0-A643-EB0E3E975D9B}
	EndGlobalSection
EndGlobal
